
Microsoft Visual Studio Solution File, Format Version 12.00
# Visual Studio 15
VisualStudioVersion = 15.0.27130.2036
MinimumVisualStudioVersion = 10.0.40219.1
Project("{FAE04EC0-301F-11D3-BF4B-00C04F79EFBC}") = "ModuleJS.Web.Example", "ModuleJS.Web.Example\ModuleJS.Web.Example.csproj", "{3A6906DC-4918-4822-97CF-30FDFDAE6F08}"
EndProject
Project("{FAE04EC0-301F-11D3-BF4B-00C04F79EFBC}") = "ModuleJS.Web.Mvc", "ModuleJS.MVC\ModuleJS.Web.Mvc.csproj", "{60FDD59C-F35A-4F1B-8B03-862A484151F9}"
EndProject
Global
	GlobalSection(SolutionConfigurationPlatforms) = preSolution
		Debug|Any CPU = Debug|Any CPU
		Release|Any CPU = Release|Any CPU
	EndGlobalSection
	GlobalSection(ProjectConfigurationPlatforms) = postSolution
		{3A6906DC-4918-4822-97CF-30FDFDAE6F08}.Debug|Any CPU.ActiveCfg = Debug|Any CPU
		{3A6906DC-4918-4822-97CF-30FDFDAE6F08}.Debug|Any CPU.Build.0 = Debug|Any CPU
		{3A6906DC-4918-4822-97CF-30FDFDAE6F08}.Release|Any CPU.ActiveCfg = Release|Any CPU
		{3A6906DC-4918-4822-97CF-30FDFDAE6F08}.Release|Any CPU.Build.0 = Release|Any CPU
		{60FDD59C-F35A-4F1B-8B03-862A484151F9}.Debug|Any CPU.ActiveCfg = Debug|Any CPU
		{60FDD59C-F35A-4F1B-8B03-862A484151F9}.Debug|Any CPU.Build.0 = Debug|Any CPU
		{60FDD59C-F35A-4F1B-8B03-862A484151F9}.Release|Any CPU.ActiveCfg = Release|Any CPU
		{60FDD59C-F35A-4F1B-8B03-862A484151F9}.Release|Any CPU.Build.0 = Release|Any CPU
	EndGlobalSection
	GlobalSection(SolutionProperties) = preSolution
		HideSolutionNode = FALSE
	EndGlobalSection
	GlobalSection(ExtensibilityGlobals) = postSolution
		SolutionGuid = {E9C2C5BF-03AB-40EC-8774-08E5B29F400B}
	EndGlobalSection
EndGlobal
